
Microsoft Visual Studio Solution File, Format Version 12.00
# Visual Studio 15
VisualStudioVersion = 15.0.28307.421
MinimumVisualStudioVersion = 10.0.40219.1
Project("{FAE04EC0-301F-11D3-BF4B-00C04F79EFBC}") = "Searchfight", "Searchfight\Searchfight.csproj", "{AEFE589F-9BDF-48F7-B06E-6D58AB317056}"
EndProject
Global
	GlobalSection(SolutionConfigurationPlatforms) = preSolution
		Debug|Any CPU = Debug|Any CPU
		Release|Any CPU = Release|Any CPU
	EndGlobalSection
	GlobalSection(ProjectConfigurationPlatforms) = postSolution
		{AEFE589F-9BDF-48F7-B06E-6D58AB317056}.Debug|Any CPU.ActiveCfg = Debug|Any CPU
		{AEFE589F-9BDF-48F7-B06E-6D58AB317056}.Debug|Any CPU.Build.0 = Debug|Any CPU
		{AEFE589F-9BDF-48F7-B06E-6D58AB317056}.Release|Any CPU.ActiveCfg = Release|Any CPU
		{AEFE589F-9BDF-48F7-B06E-6D58AB317056}.Release|Any CPU.Build.0 = Release|Any CPU
	EndGlobalSection
	GlobalSection(SolutionProperties) = preSolution
		HideSolutionNode = FALSE
	EndGlobalSection
	GlobalSection(ExtensibilityGlobals) = postSolution
		SolutionGuid = {0FB84F82-003B-45A1-8183-EF1F990D178C}
	EndGlobalSection
EndGlobal
